{
  "name": "rn-electrum-client",
  "version": "0.0.17",
  "lockfileVersion": 3,
  "requires": true,
  "packages": {
    "": {
      "name": "rn-electrum-client",
      "version": "0.0.17",
      "license": "MIT",
      "devDependencies": {},
      "engines": {
        "node": ">=6"
      }
    }
  }
}
